Microsoft Visual Studio Solution File, Format Version 12.00
# Visual Studio 14
Project("{8BC9CEB8-8B4A-11D0-8D11-00A0C91BC942}") = "ALL_BUILD", "ALL_BUILD.vcxproj", "{F62EE64B-FF1E-3575-8F40-82AFFCB1814C}"
	ProjectSection(ProjectDependencies) = postProject
		{0FD78F14-7D80-38F2-A913-ACFF3A0ECDEC} = {0FD78F14-7D80-38F2-A913-ACFF3A0ECDEC}
		{2C793161-FC84-33F7-9630-CCDE35424DD4} = {2C793161-FC84-33F7-9630-CCDE35424DD4}
	EndProjectSection
EndProject
Project("{8BC9CEB8-8B4A-11D0-8D11-00A0C91BC942}") = "ZERO_CHECK", "..\..\..\\ZERO_CHECK.vcxproj", "{0FD78F14-7D80-38F2-A913-ACFF3A0ECDEC}"
	ProjectSection(ProjectDependencies) = postProject
	EndProjectSection
EndProject
Project("{8BC9CEB8-8B4A-11D0-8D11-00A0C91BC942}") = "ndanilov_rows_matrix_sum", "ndanilov_rows_matrix_sum.vcxproj", "{2C793161-FC84-33F7-9630-CCDE35424DD4}"
	ProjectSection(ProjectDependencies) = postProject
		{0FD78F14-7D80-38F2-A913-ACFF3A0ECDEC} = {0FD78F14-7D80-38F2-A913-ACFF3A0ECDEC}
	EndProjectSection
EndProject
Global
	GlobalSection(SolutionConfigurationPlatforms) = preSolution
		Debug|Win32 = Debug|Win32
		Release|Win32 = Release|Win32
		MinSizeRel|Win32 = MinSizeRel|Win32
		RelWithDebInfo|Win32 = RelWithDebInfo|Win32
	EndGlobalSection
	GlobalSection(ProjectConfigurationPlatforms) = postSolution
		{F62EE64B-FF1E-3575-8F40-82AFFCB1814C}.Debug|Win32.ActiveCfg = Debug|Win32
		{F62EE64B-FF1E-3575-8F40-82AFFCB1814C}.Release|Win32.ActiveCfg = Release|Win32
		{F62EE64B-FF1E-3575-8F40-82AFFCB1814C}.MinSizeRel|Win32.ActiveCfg = MinSizeRel|Win32
		{F62EE64B-FF1E-3575-8F40-82AFFCB1814C}.RelWithDebInfo|Win32.ActiveCfg = RelWithDebInfo|Win32
		{0FD78F14-7D80-38F2-A913-ACFF3A0ECDEC}.Debug|Win32.ActiveCfg = Debug|Win32
		{0FD78F14-7D80-38F2-A913-ACFF3A0ECDEC}.Debug|Win32.Build.0 = Debug|Win32
		{0FD78F14-7D80-38F2-A913-ACFF3A0ECDEC}.Release|Win32.ActiveCfg = Release|Win32
		{0FD78F14-7D80-38F2-A913-ACFF3A0ECDEC}.Release|Win32.Build.0 = Release|Win32
		{0FD78F14-7D80-38F2-A913-ACFF3A0ECDEC}.MinSizeRel|Win32.ActiveCfg = MinSizeRel|Win32
		{0FD78F14-7D80-38F2-A913-ACFF3A0ECDEC}.MinSizeRel|Win32.Build.0 = MinSizeRel|Win32
		{0FD78F14-7D80-38F2-A913-ACFF3A0ECDEC}.RelWithDebInfo|Win32.ActiveCfg = RelWithDebInfo|Win32
		{0FD78F14-7D80-38F2-A913-ACFF3A0ECDEC}.RelWithDebInfo|Win32.Build.0 = RelWithDebInfo|Win32
		{2C793161-FC84-33F7-9630-CCDE35424DD4}.Debug|Win32.ActiveCfg = Debug|Win32
		{2C793161-FC84-33F7-9630-CCDE35424DD4}.Debug|Win32.Build.0 = Debug|Win32
		{2C793161-FC84-33F7-9630-CCDE35424DD4}.Release|Win32.ActiveCfg = Release|Win32
		{2C793161-FC84-33F7-9630-CCDE35424DD4}.Release|Win32.Build.0 = Release|Win32
		{2C793161-FC84-33F7-9630-CCDE35424DD4}.MinSizeRel|Win32.ActiveCfg = MinSizeRel|Win32
		{2C793161-FC84-33F7-9630-CCDE35424DD4}.MinSizeRel|Win32.Build.0 = MinSizeRel|Win32
		{2C793161-FC84-33F7-9630-CCDE35424DD4}.RelWithDebInfo|Win32.ActiveCfg = RelWithDebInfo|Win32
		{2C793161-FC84-33F7-9630-CCDE35424DD4}.RelWithDebInfo|Win32.Build.0 = RelWithDebInfo|Win32
	EndGlobalSection
	GlobalSection(ExtensibilityGlobals) = postSolution
		SolutionGuid = {A3AFFB31-0E5E-3376-943E-E62AE35ACA2A}
	EndGlobalSection
	GlobalSection(ExtensibilityAddIns) = postSolution
	EndGlobalSection
EndGlobal
