Microsoft Visual Studio Solution File, Format Version 12.00
# Visual Studio 14
Project("{8BC9CEB8-8B4A-11D0-8D11-00A0C91BC942}") = "ALL_BUILD", "ALL_BUILD.vcxproj", "{F62EE64B-FF1E-3575-8F40-82AFFCB1814C}"
	ProjectSection(ProjectDependencies) = postProject
		{A35C48CE-ACB3-3C4D-8414-C2557E5F6187} = {A35C48CE-ACB3-3C4D-8414-C2557E5F6187}
		{0FD78F14-7D80-38F2-A913-ACFF3A0ECDEC} = {0FD78F14-7D80-38F2-A913-ACFF3A0ECDEC}
	EndProjectSection
EndProject
Project("{8BC9CEB8-8B4A-11D0-8D11-00A0C91BC942}") = "Gaidaichuk_Yuri_task2_Bubble_sorting", "Gaidaichuk_Yuri_task2_Bubble_sorting.vcxproj", "{A35C48CE-ACB3-3C4D-8414-C2557E5F6187}"
	ProjectSection(ProjectDependencies) = postProject
		{0FD78F14-7D80-38F2-A913-ACFF3A0ECDEC} = {0FD78F14-7D80-38F2-A913-ACFF3A0ECDEC}
	EndProjectSection
EndProject
Project("{8BC9CEB8-8B4A-11D0-8D11-00A0C91BC942}") = "ZERO_CHECK", "..\..\..\\ZERO_CHECK.vcxproj", "{0FD78F14-7D80-38F2-A913-ACFF3A0ECDEC}"
	ProjectSection(ProjectDependencies) = postProject
	EndProjectSection
EndProject
Global
	GlobalSection(SolutionConfigurationPlatforms) = preSolution
		Debug|Win32 = Debug|Win32
		Release|Win32 = Release|Win32
		MinSizeRel|Win32 = MinSizeRel|Win32
		RelWithDebInfo|Win32 = RelWithDebInfo|Win32
	EndGlobalSection
	GlobalSection(ProjectConfigurationPlatforms) = postSolution
		{F62EE64B-FF1E-3575-8F40-82AFFCB1814C}.Debug|Win32.ActiveCfg = Debug|Win32
		{F62EE64B-FF1E-3575-8F40-82AFFCB1814C}.Release|Win32.ActiveCfg = Release|Win32
		{F62EE64B-FF1E-3575-8F40-82AFFCB1814C}.MinSizeRel|Win32.ActiveCfg = MinSizeRel|Win32
		{F62EE64B-FF1E-3575-8F40-82AFFCB1814C}.RelWithDebInfo|Win32.ActiveCfg = RelWithDebInfo|Win32
		{A35C48CE-ACB3-3C4D-8414-C2557E5F6187}.Debug|Win32.ActiveCfg = Debug|Win32
		{A35C48CE-ACB3-3C4D-8414-C2557E5F6187}.Debug|Win32.Build.0 = Debug|Win32
		{A35C48CE-ACB3-3C4D-8414-C2557E5F6187}.Release|Win32.ActiveCfg = Release|Win32
		{A35C48CE-ACB3-3C4D-8414-C2557E5F6187}.Release|Win32.Build.0 = Release|Win32
		{A35C48CE-ACB3-3C4D-8414-C2557E5F6187}.MinSizeRel|Win32.ActiveCfg = MinSizeRel|Win32
		{A35C48CE-ACB3-3C4D-8414-C2557E5F6187}.MinSizeRel|Win32.Build.0 = MinSizeRel|Win32
		{A35C48CE-ACB3-3C4D-8414-C2557E5F6187}.RelWithDebInfo|Win32.ActiveCfg = RelWithDebInfo|Win32
		{A35C48CE-ACB3-3C4D-8414-C2557E5F6187}.RelWithDebInfo|Win32.Build.0 = RelWithDebInfo|Win32
		{0FD78F14-7D80-38F2-A913-ACFF3A0ECDEC}.Debug|Win32.ActiveCfg = Debug|Win32
		{0FD78F14-7D80-38F2-A913-ACFF3A0ECDEC}.Debug|Win32.Build.0 = Debug|Win32
		{0FD78F14-7D80-38F2-A913-ACFF3A0ECDEC}.Release|Win32.ActiveCfg = Release|Win32
		{0FD78F14-7D80-38F2-A913-ACFF3A0ECDEC}.Release|Win32.Build.0 = Release|Win32
		{0FD78F14-7D80-38F2-A913-ACFF3A0ECDEC}.MinSizeRel|Win32.ActiveCfg = MinSizeRel|Win32
		{0FD78F14-7D80-38F2-A913-ACFF3A0ECDEC}.MinSizeRel|Win32.Build.0 = MinSizeRel|Win32
		{0FD78F14-7D80-38F2-A913-ACFF3A0ECDEC}.RelWithDebInfo|Win32.ActiveCfg = RelWithDebInfo|Win32
		{0FD78F14-7D80-38F2-A913-ACFF3A0ECDEC}.RelWithDebInfo|Win32.Build.0 = RelWithDebInfo|Win32
	EndGlobalSection
	GlobalSection(ExtensibilityGlobals) = postSolution
		SolutionGuid = {AE544761-214F-39BB-AF47-A374A4F1ACE1}
	EndGlobalSection
	GlobalSection(ExtensibilityAddIns) = postSolution
	EndGlobalSection
EndGlobal
