Microsoft Visual Studio Solution File, Format Version 12.00
# Visual Studio 14
Project("{8BC9CEB8-8B4A-11D0-8D11-00A0C91BC942}") = "ALL_BUILD", "ALL_BUILD.vcxproj", "{F62EE64B-FF1E-3575-8F40-82AFFCB1814C}"
	ProjectSection(ProjectDependencies) = postProject
		{C3414BA0-5676-3758-AE1B-186D40D4AE87} = {C3414BA0-5676-3758-AE1B-186D40D4AE87}
		{0FD78F14-7D80-38F2-A913-ACFF3A0ECDEC} = {0FD78F14-7D80-38F2-A913-ACFF3A0ECDEC}
	EndProjectSection
EndProject
Project("{8BC9CEB8-8B4A-11D0-8D11-00A0C91BC942}") = "Vdovin_Eugene_task1_NumWords", "Vdovin_Eugene_task1_NumWords.vcxproj", "{C3414BA0-5676-3758-AE1B-186D40D4AE87}"
	ProjectSection(ProjectDependencies) = postProject
		{0FD78F14-7D80-38F2-A913-ACFF3A0ECDEC} = {0FD78F14-7D80-38F2-A913-ACFF3A0ECDEC}
	EndProjectSection
EndProject
Project("{8BC9CEB8-8B4A-11D0-8D11-00A0C91BC942}") = "ZERO_CHECK", "..\..\..\\ZERO_CHECK.vcxproj", "{0FD78F14-7D80-38F2-A913-ACFF3A0ECDEC}"
	ProjectSection(ProjectDependencies) = postProject
	EndProjectSection
EndProject
Global
	GlobalSection(SolutionConfigurationPlatforms) = preSolution
		Debug|Win32 = Debug|Win32
		Release|Win32 = Release|Win32
		MinSizeRel|Win32 = MinSizeRel|Win32
		RelWithDebInfo|Win32 = RelWithDebInfo|Win32
	EndGlobalSection
	GlobalSection(ProjectConfigurationPlatforms) = postSolution
		{F62EE64B-FF1E-3575-8F40-82AFFCB1814C}.Debug|Win32.ActiveCfg = Debug|Win32
		{F62EE64B-FF1E-3575-8F40-82AFFCB1814C}.Release|Win32.ActiveCfg = Release|Win32
		{F62EE64B-FF1E-3575-8F40-82AFFCB1814C}.MinSizeRel|Win32.ActiveCfg = MinSizeRel|Win32
		{F62EE64B-FF1E-3575-8F40-82AFFCB1814C}.RelWithDebInfo|Win32.ActiveCfg = RelWithDebInfo|Win32
		{C3414BA0-5676-3758-AE1B-186D40D4AE87}.Debug|Win32.ActiveCfg = Debug|Win32
		{C3414BA0-5676-3758-AE1B-186D40D4AE87}.Debug|Win32.Build.0 = Debug|Win32
		{C3414BA0-5676-3758-AE1B-186D40D4AE87}.Release|Win32.ActiveCfg = Release|Win32
		{C3414BA0-5676-3758-AE1B-186D40D4AE87}.Release|Win32.Build.0 = Release|Win32
		{C3414BA0-5676-3758-AE1B-186D40D4AE87}.MinSizeRel|Win32.ActiveCfg = MinSizeRel|Win32
		{C3414BA0-5676-3758-AE1B-186D40D4AE87}.MinSizeRel|Win32.Build.0 = MinSizeRel|Win32
		{C3414BA0-5676-3758-AE1B-186D40D4AE87}.RelWithDebInfo|Win32.ActiveCfg = RelWithDebInfo|Win32
		{C3414BA0-5676-3758-AE1B-186D40D4AE87}.RelWithDebInfo|Win32.Build.0 = RelWithDebInfo|Win32
		{0FD78F14-7D80-38F2-A913-ACFF3A0ECDEC}.Debug|Win32.ActiveCfg = Debug|Win32
		{0FD78F14-7D80-38F2-A913-ACFF3A0ECDEC}.Debug|Win32.Build.0 = Debug|Win32
		{0FD78F14-7D80-38F2-A913-ACFF3A0ECDEC}.Release|Win32.ActiveCfg = Release|Win32
		{0FD78F14-7D80-38F2-A913-ACFF3A0ECDEC}.Release|Win32.Build.0 = Release|Win32
		{0FD78F14-7D80-38F2-A913-ACFF3A0ECDEC}.MinSizeRel|Win32.ActiveCfg = MinSizeRel|Win32
		{0FD78F14-7D80-38F2-A913-ACFF3A0ECDEC}.MinSizeRel|Win32.Build.0 = MinSizeRel|Win32
		{0FD78F14-7D80-38F2-A913-ACFF3A0ECDEC}.RelWithDebInfo|Win32.ActiveCfg = RelWithDebInfo|Win32
		{0FD78F14-7D80-38F2-A913-ACFF3A0ECDEC}.RelWithDebInfo|Win32.Build.0 = RelWithDebInfo|Win32
	EndGlobalSection
	GlobalSection(ExtensibilityGlobals) = postSolution
		SolutionGuid = {A2BF9B13-7C15-3590-8605-EFC4D0FD5B1E}
	EndGlobalSection
	GlobalSection(ExtensibilityAddIns) = postSolution
	EndGlobalSection
EndGlobal
